
Microsoft Visual Studio Solution File, Format Version 12.00
# Visual Studio 2013
VisualStudioVersion = 12.0.40629.0
MinimumVisualStudioVersion = 10.0.40219.1
Project("{8BC9CEB8-8B4A-11D0-8D11-00A0C91BC942}") = "AutoportTests", "AutoportTests\AutoportTests.vcxproj", "{A2DCF877-3CAC-413F-BE68-751BF8A15BC7}"
	ProjectSection(ProjectDependencies) = postProject
		{4CB9C5C7-776D-4FE1-87AF-18B0D2C6CBEC} = {4CB9C5C7-776D-4FE1-87AF-18B0D2C6CBEC}
	EndProjectSection
EndProject
Project("{8BC9CEB8-8B4A-11D0-8D11-00A0C91BC942}") = "Main", "Main\OpenCVTest2.vcxproj", "{4CB9C5C7-776D-4FE1-87AF-18B0D2C6CBEC}"
EndProject
Global
	GlobalSection(TeamFoundationVersionControl) = preSolution
		SccNumberOfProjects = 3
		SccEnterpriseProvider = {4CA58AB2-18FA-4F8D-95D4-32DDF27D184C}
		SccTeamFoundationServer = https://albertocenzato.visualstudio.com/defaultcollection
		SccLocalPath0 = .
		SccProjectUniqueName1 = AutoportTests\\AutoportTests.vcxproj
		SccProjectName1 = AutoportTests
		SccLocalPath1 = AutoportTests
		SccProjectUniqueName2 = Main\\OpenCVTest2.vcxproj
		SccProjectName2 = Main
		SccLocalPath2 = Main
	EndGlobalSection
	GlobalSection(SolutionConfigurationPlatforms) = preSolution
		Debug|Win32 = Debug|Win32
		Debug|x64 = Debug|x64
		Release|Win32 = Release|Win32
		Release|x64 = Release|x64
	EndGlobalSection
	GlobalSection(ProjectConfigurationPlatforms) = postSolution
		{A2DCF877-3CAC-413F-BE68-751BF8A15BC7}.Debug|Win32.ActiveCfg = Debug|Win32
		{A2DCF877-3CAC-413F-BE68-751BF8A15BC7}.Debug|Win32.Build.0 = Debug|Win32
		{A2DCF877-3CAC-413F-BE68-751BF8A15BC7}.Debug|x64.ActiveCfg = Debug|Win32
		{A2DCF877-3CAC-413F-BE68-751BF8A15BC7}.Release|Win32.ActiveCfg = Release|Win32
		{A2DCF877-3CAC-413F-BE68-751BF8A15BC7}.Release|Win32.Build.0 = Release|Win32
		{A2DCF877-3CAC-413F-BE68-751BF8A15BC7}.Release|x64.ActiveCfg = Release|Win32
		{4CB9C5C7-776D-4FE1-87AF-18B0D2C6CBEC}.Debug|Win32.ActiveCfg = Debug|Win32
		{4CB9C5C7-776D-4FE1-87AF-18B0D2C6CBEC}.Debug|Win32.Build.0 = Debug|Win32
		{4CB9C5C7-776D-4FE1-87AF-18B0D2C6CBEC}.Debug|x64.ActiveCfg = Debug|Win32
		{4CB9C5C7-776D-4FE1-87AF-18B0D2C6CBEC}.Release|Win32.ActiveCfg = Release|Win32
		{4CB9C5C7-776D-4FE1-87AF-18B0D2C6CBEC}.Release|Win32.Build.0 = Release|Win32
		{4CB9C5C7-776D-4FE1-87AF-18B0D2C6CBEC}.Release|x64.ActiveCfg = Release|Win32
	EndGlobalSection
	GlobalSection(SolutionProperties) = preSolution
		HideSolutionNode = FALSE
	EndGlobalSection
EndGlobal
